
Microsoft Visual Studio Solution File, Format Version 12.00
# Visual Studio 15
Project("{FAE04EC0-301F-11D3-BF4B-00C04F79EFBC}") = "Assembly-CSharp", "Assembly-CSharp.csproj", "{0BFA2217-D147-F844-7705-471E003D2080}"
EndProject
Project("{FAE04EC0-301F-11D3-BF4B-00C04F79EFBC}") = "NavMeshComponents", "NavMeshComponents.csproj", "{32870D27-BDAC-E617-F936-A627E288C78E}"
EndProject
Project("{FAE04EC0-301F-11D3-BF4B-00C04F79EFBC}") = "NavMeshComponentsEditor", "NavMeshComponentsEditor.csproj", "{E36C1885-E36C-55F3-236F-19947AFD3D18}"
EndProject
Project("{FAE04EC0-301F-11D3-BF4B-00C04F79EFBC}") = "Assembly-CSharp-Editor", "Assembly-CSharp-Editor.csproj", "{74536921-001A-0C3E-C49F-2A831917CE18}"
EndProject
Global
	GlobalSection(SolutionConfigurationPlatforms) = preSolution
		Debug|Any CPU = Debug|Any CPU
		Release|Any CPU = Release|Any CPU
	EndGlobalSection
	GlobalSection(ProjectConfigurationPlatforms) = postSolution
		{0BFA2217-D147-F844-7705-471E003D2080}.Debug|Any CPU.ActiveCfg = Debug|Any CPU
		{0BFA2217-D147-F844-7705-471E003D2080}.Debug|Any CPU.Build.0 = Debug|Any CPU
		{0BFA2217-D147-F844-7705-471E003D2080}.Release|Any CPU.ActiveCfg = Release|Any CPU
		{0BFA2217-D147-F844-7705-471E003D2080}.Release|Any CPU.Build.0 = Release|Any CPU
		{32870D27-BDAC-E617-F936-A627E288C78E}.Debug|Any CPU.ActiveCfg = Debug|Any CPU
		{32870D27-BDAC-E617-F936-A627E288C78E}.Debug|Any CPU.Build.0 = Debug|Any CPU
		{32870D27-BDAC-E617-F936-A627E288C78E}.Release|Any CPU.ActiveCfg = Release|Any CPU
		{32870D27-BDAC-E617-F936-A627E288C78E}.Release|Any CPU.Build.0 = Release|Any CPU
		{E36C1885-E36C-55F3-236F-19947AFD3D18}.Debug|Any CPU.ActiveCfg = Debug|Any CPU
		{E36C1885-E36C-55F3-236F-19947AFD3D18}.Debug|Any CPU.Build.0 = Debug|Any CPU
		{E36C1885-E36C-55F3-236F-19947AFD3D18}.Release|Any CPU.ActiveCfg = Release|Any CPU
		{E36C1885-E36C-55F3-236F-19947AFD3D18}.Release|Any CPU.Build.0 = Release|Any CPU
		{74536921-001A-0C3E-C49F-2A831917CE18}.Debug|Any CPU.ActiveCfg = Debug|Any CPU
		{74536921-001A-0C3E-C49F-2A831917CE18}.Debug|Any CPU.Build.0 = Debug|Any CPU
		{74536921-001A-0C3E-C49F-2A831917CE18}.Release|Any CPU.ActiveCfg = Release|Any CPU
		{74536921-001A-0C3E-C49F-2A831917CE18}.Release|Any CPU.Build.0 = Release|Any CPU
	EndGlobalSection
	GlobalSection(SolutionProperties) = preSolution
		HideSolutionNode = FALSE
	EndGlobalSection
	GlobalSection(MonoDevelopProperties) = preSolution
		StartupItem = Assembly-CSharp.csproj
	EndGlobalSection
EndGlobal
